// !$*UTF8*$!
{
	archiveVersion = 1;
	classes = {
	};
	objectVersion = 46;
	objects = {

/* Begin PBXBuildFile section */
		51CA52375939B2D3E1A97DEC /* Pods_Book.framework in Frameworks */ = {isa = PBXBuildFile; fileRef = 5E91EABC4EEFB55CEB371E3F /* Pods_Book.framework */; };
		6E0FA7DF1C741E7F00533EE5 /* Main.storyboard in Resources */ = {isa = PBXBuildFile; fileRef = 6E0FA7DD1C741E7F00533EE5 /* Main.storyboard */; };
		6E0FA7E11C741E7F00533EE5 /* Assets.xcassets in Resources */ = {isa = PBXBuildFile; fileRef = 6E0FA7E01C741E7F00533EE5 /* Assets.xcassets */; };
		6E0FA7EF1C741E7F00533EE5 /* BookTests.swift in Sources */ = {isa = PBXBuildFile; fileRef = 6E0FA7EE1C741E7F00533EE5 /* BookTests.swift */; };
		6E0FA7FA1C741E7F00533EE5 /* BookUITests.swift in Sources */ = {isa = PBXBuildFile; fileRef = 6E0FA7F91C741E7F00533EE5 /* BookUITests.swift */; };
		6E76BF8F1D23A43D00DFAC3A /* PhotoBrowser.swift in Sources */ = {isa = PBXBuildFile; fileRef = 6E76BF8E1D23A43D00DFAC3A /* PhotoBrowser.swift */; };
		6E76BF911D23A45D00DFAC3A /* PhotoBrowser.xib in Resources */ = {isa = PBXBuildFile; fileRef = 6E76BF901D23A45D00DFAC3A /* PhotoBrowser.xib */; };
		6E76BF951D23AE2D00DFAC3A /* Constants.swift in Sources */ = {isa = PBXBuildFile; fileRef = 6E76BF941D23AE2D00DFAC3A /* Constants.swift */; };
		6E90273D1D2BB7C600BBA856 /* PhotoBrowserCell.swift in Sources */ = {isa = PBXBuildFile; fileRef = 6E90273B1D2BB7C600BBA856 /* PhotoBrowserCell.swift */; };
		6E90273E1D2BB7C600BBA856 /* PhotoBrowserCell.xib in Resources */ = {isa = PBXBuildFile; fileRef = 6E90273C1D2BB7C600BBA856 /* PhotoBrowserCell.xib */; };
		6EB4F3D91D2217B600C71D9A /* DetailHeadView.swift in Sources */ = {isa = PBXBuildFile; fileRef = 6EB4F3D81D2217B600C71D9A /* DetailHeadView.swift */; };
		6EB4F3DB1D2217EF00C71D9A /* DetailHeadView.xib in Resources */ = {isa = PBXBuildFile; fileRef = 6EB4F3DA1D2217EF00C71D9A /* DetailHeadView.xib */; };
		6EB4F3DD1D2229B100C71D9A /* DetailViewController.swift in Sources */ = {isa = PBXBuildFile; fileRef = 6EB4F3DC1D2229B100C71D9A /* DetailViewController.swift */; };
		6EB4F3DF1D2253C800C71D9A /* Rating.swift in Sources */ = {isa = PBXBuildFile; fileRef = 6EB4F3DE1D2253C800C71D9A /* Rating.swift */; };
		6EB4F3E11D226DD400C71D9A /* ReviewCell.swift in Sources */ = {isa = PBXBuildFile; fileRef = 6EB4F3E01D226DD400C71D9A /* ReviewCell.swift */; };
		6EB4F3E31D226F3000C71D9A /* Review.swift in Sources */ = {isa = PBXBuildFile; fileRef = 6EB4F3E21D226F3000C71D9A /* Review.swift */; };
		6EB4F3E51D22716A00C71D9A /* Author.swift in Sources */ = {isa = PBXBuildFile; fileRef = 6EB4F3E41D22716A00C71D9A /* Author.swift */; };
		6ED33D831D211C9500FDF14E /* BookExtensions.swift in Sources */ = {isa = PBXBuildFile; fileRef = 6ED33D711D211C9500FDF14E /* BookExtensions.swift */; };
		6ED33D841D211C9500FDF14E /* RatingView.swift in Sources */ = {isa = PBXBuildFile; fileRef = 6ED33D721D211C9500FDF14E /* RatingView.swift */; };
		6ED33D851D211C9500FDF14E /* UITableView+MJRefresh.m in Sources */ = {isa = PBXBuildFile; fileRef = 6ED33D741D211C9500FDF14E /* UITableView+MJRefresh.m */; };
		6ED33D861D211C9500FDF14E /* Book.swift in Sources */ = {isa = PBXBuildFile; fileRef = 6ED33D761D211C9500FDF14E /* Book.swift */; };
		6ED33D871D211C9500FDF14E /* BookCell.swift in Sources */ = {isa = PBXBuildFile; fileRef = 6ED33D771D211C9500FDF14E /* BookCell.swift */; };
		6ED33D881D211C9500FDF14E /* BookViewController.swift in Sources */ = {isa = PBXBuildFile; fileRef = 6ED33D781D211C9500FDF14E /* BookViewController.swift */; };
		6ED33D8A1D211C9500FDF14E /* NetManager.swift in Sources */ = {isa = PBXBuildFile; fileRef = 6ED33D7B1D211C9500FDF14E /* NetManager.swift */; };
		6ED33D8B1D211C9500FDF14E /* AppDelegate.swift in Sources */ = {isa = PBXBuildFile; fileRef = 6ED33D7D1D211C9500FDF14E /* AppDelegate.swift */; };
		6ED33D8D1D211C9500FDF14E /* LaunchScreen.storyboard in Resources */ = {isa = PBXBuildFile; fileRef = 6ED33D801D211C9500FDF14E /* LaunchScreen.storyboard */; };
		6ED33D8E1D211C9500FDF14E /* BookSearchController.swift in Sources */ = {isa = PBXBuildFile; fileRef = 6ED33D821D211C9500FDF14E /* BookSearchController.swift */; };
/* End PBXBuildFile section */

/* Begin PBXContainerItemProxy section */
		6E0FA7EB1C741E7F00533EE5 /* PBXContainerItemProxy */ = {
			isa = PBXContainerItemProxy;
			containerPortal = 6E0FA7CE1C741E7F00533EE5 /* Project object */;
			proxyType = 1;
			remoteGlobalIDString = 6E0FA7D51C741E7F00533EE5;
			remoteInfo = Book;
		};
		6E0FA7F61C741E7F00533EE5 /* PBXContainerItemProxy */ = {
			isa = PBXContainerItemProxy;
			containerPortal = 6E0FA7CE1C741E7F00533EE5 /* Project object */;
			proxyType = 1;
			remoteGlobalIDString = 6E0FA7D51C741E7F00533EE5;
			remoteInfo = Book;
		};
/* End PBXContainerItemProxy section */

/* Begin PBXFileReference section */
		3641E05D9D450B4BF352F7BA /* Pods-Book.release.xcconfig */ = {isa = PBXFileReference; includeInIndex = 1; lastKnownFileType = text.xcconfig; name = "Pods-Book.release.xcconfig"; path = "Pods/Target Support Files/Pods-Book/Pods-Book.release.xcconfig"; sourceTree = "<group>"; };
		5E91EABC4EEFB55CEB371E3F /* Pods_Book.framework */ = {isa = PBXFileReference; explicitFileType = wrapper.framework; includeInIndex = 0; path = Pods_Book.framework; sourceTree = BUILT_PRODUCTS_DIR; };
		6E0FA7D61C741E7F00533EE5 /* Book.app */ = {isa = PBXFileReference; explicitFileType = wrapper.application; includeInIndex = 0; path = Book.app; sourceTree = BUILT_PRODUCTS_DIR; };
		6E0FA7DE1C741E7F00533EE5 /* Base */ = {isa = PBXFileReference; lastKnownFileType = file.storyboard; name = Base; path = Base.lproj/Main.storyboard; sourceTree = "<group>"; };
		6E0FA7E01C741E7F00533EE5 /* Assets.xcassets */ = {isa = PBXFileReference; lastKnownFileType = folder.assetcatalog; path = Assets.xcassets; sourceTree = "<group>"; };
		6E0FA7EA1C741E7F00533EE5 /* BookTests.xctest */ = {isa = PBXFileReference; explicitFileType = wrapper.cfbundle; includeInIndex = 0; path = BookTests.xctest; sourceTree = BUILT_PRODUCTS_DIR; };
		6E0FA7EE1C741E7F00533EE5 /* BookTests.swift */ = {isa = PBXFileReference; lastKnownFileType = sourcecode.swift; path = BookTests.swift; sourceTree = "<group>"; };
		6E0FA7F01C741E7F00533EE5 /* Info.plist */ = {isa = PBXFileReference; lastKnownFileType = text.plist.xml; path = Info.plist; sourceTree = "<group>"; };
		6E0FA7F51C741E7F00533EE5 /* BookUITests.xctest */ = {isa = PBXFileReference; explicitFileType = wrapper.cfbundle; includeInIndex = 0; path = BookUITests.xctest; sourceTree = BUILT_PRODUCTS_DIR; };
		6E0FA7F91C741E7F00533EE5 /* BookUITests.swift */ = {isa = PBXFileReference; lastKnownFileType = sourcecode.swift; path = BookUITests.swift; sourceTree = "<group>"; };
		6E0FA7FB1C741E7F00533EE5 /* Info.plist */ = {isa = PBXFileReference; lastKnownFileType = text.plist.xml; path = Info.plist; sourceTree = "<group>"; };
		6E76BF8E1D23A43D00DFAC3A /* PhotoBrowser.swift */ = {isa = PBXFileReference; fileEncoding = 4; lastKnownFileType = sourcecode.swift; path = PhotoBrowser.swift; sourceTree = "<group>"; };
		6E76BF901D23A45D00DFAC3A /* PhotoBrowser.xib */ = {isa = PBXFileReference; fileEncoding = 4; lastKnownFileType = file.xib; path = PhotoBrowser.xib; sourceTree = "<group>"; };
		6E76BF941D23AE2D00DFAC3A /* Constants.swift */ = {isa = PBXFileReference; fileEncoding = 4; lastKnownFileType = sourcecode.swift; path = Constants.swift; sourceTree = "<group>"; };
		6E90273B1D2BB7C600BBA856 /* PhotoBrowserCell.swift */ = {isa = PBXFileReference; fileEncoding = 4; lastKnownFileType = sourcecode.swift; path = PhotoBrowserCell.swift; sourceTree = "<group>"; };
		6E90273C1D2BB7C600BBA856 /* PhotoBrowserCell.xib */ = {isa = PBXFileReference; fileEncoding = 4; lastKnownFileType = file.xib; path = PhotoBrowserCell.xib; sourceTree = "<group>"; };
		6EB4F3D81D2217B600C71D9A /* DetailHeadView.swift */ = {isa = PBXFileReference; fileEncoding = 4; lastKnownFileType = sourcecode.swift; path = DetailHeadView.swift; sourceTree = "<group>"; };
		6EB4F3DA1D2217EF00C71D9A /* DetailHeadView.xib */ = {isa = PBXFileReference; fileEncoding = 4; lastKnownFileType = file.xib; path = DetailHeadView.xib; sourceTree = "<group>"; };
		6EB4F3DC1D2229B100C71D9A /* DetailViewController.swift */ = {isa = PBXFileReference; fileEncoding = 4; lastKnownFileType = sourcecode.swift; path = DetailViewController.swift; sourceTree = "<group>"; };
		6EB4F3DE1D2253C800C71D9A /* Rating.swift */ = {isa = PBXFileReference; fileEncoding = 4; lastKnownFileType = sourcecode.swift; path = Rating.swift; sourceTree = "<group>"; };
		6EB4F3E01D226DD400C71D9A /* ReviewCell.swift */ = {isa = PBXFileReference; fileEncoding = 4; lastKnownFileType = sourcecode.swift; path = ReviewCell.swift; sourceTree = "<group>"; };
		6EB4F3E21D226F3000C71D9A /* Review.swift */ = {isa = PBXFileReference; fileEncoding = 4; lastKnownFileType = sourcecode.swift; path = Review.swift; sourceTree = "<group>"; };
		6EB4F3E41D22716A00C71D9A /* Author.swift */ = {isa = PBXFileReference; fileEncoding = 4; lastKnownFileType = sourcecode.swift; path = Author.swift; sourceTree = "<group>"; };
		6ED33D711D211C9500FDF14E /* BookExtensions.swift */ = {isa = PBXFileReference; fileEncoding = 4; lastKnownFileType = sourcecode.swift; path = BookExtensions.swift; sourceTree = "<group>"; };
		6ED33D721D211C9500FDF14E /* RatingView.swift */ = {isa = PBXFileReference; fileEncoding = 4; lastKnownFileType = sourcecode.swift; path = RatingView.swift; sourceTree = "<group>"; };
		6ED33D731D211C9500FDF14E /* UITableView+MJRefresh.h */ = {isa = PBXFileReference; fileEncoding = 4; lastKnownFileType = sourcecode.c.h; path = "UITableView+MJRefresh.h"; sourceTree = "<group>"; };
		6ED33D741D211C9500FDF14E /* UITableView+MJRefresh.m */ = {isa = PBXFileReference; fileEncoding = 4; lastKnownFileType = sourcecode.c.objc; path = "UITableView+MJRefresh.m"; sourceTree = "<group>"; };
		6ED33D761D211C9500FDF14E /* Book.swift */ = {isa = PBXFileReference; fileEncoding = 4; lastKnownFileType = sourcecode.swift; path = Book.swift; sourceTree = "<group>"; };
		6ED33D771D211C9500FDF14E /* BookCell.swift */ = {isa = PBXFileReference; fileEncoding = 4; lastKnownFileType = sourcecode.swift; path = BookCell.swift; sourceTree = "<group>"; };
		6ED33D781D211C9500FDF14E /* BookViewController.swift */ = {isa = PBXFileReference; fileEncoding = 4; lastKnownFileType = sourcecode.swift; path = BookViewController.swift; sourceTree = "<group>"; };
		6ED33D7B1D211C9500FDF14E /* NetManager.swift */ = {isa = PBXFileReference; fileEncoding = 4; lastKnownFileType = sourcecode.swift; path = NetManager.swift; sourceTree = "<group>"; };
		6ED33D7D1D211C9500FDF14E /* AppDelegate.swift */ = {isa = PBXFileReference; fileEncoding = 4; lastKnownFileType = sourcecode.swift; path = AppDelegate.swift; sourceTree = "<group>"; };
		6ED33D7E1D211C9500FDF14E /* Book-Bridging-Header.h */ = {isa = PBXFileReference; fileEncoding = 4; lastKnownFileType = sourcecode.c.h; path = "Book-Bridging-Header.h"; sourceTree = "<group>"; };
		6ED33D7F1D211C9500FDF14E /* Info.plist */ = {isa = PBXFileReference; fileEncoding = 4; lastKnownFileType = text.plist.xml; path = Info.plist; sourceTree = "<group>"; };
		6ED33D801D211C9500FDF14E /* LaunchScreen.storyboard */ = {isa = PBXFileReference; fileEncoding = 4; lastKnownFileType = file.storyboard; path = LaunchScreen.storyboard; sourceTree = "<group>"; };
		6ED33D821D211C9500FDF14E /* BookSearchController.swift */ = {isa = PBXFileReference; fileEncoding = 4; lastKnownFileType = sourcecode.swift; path = BookSearchController.swift; sourceTree = "<group>"; };
		F1D4B298A8CF1009B3027AA1 /* Pods-Book.debug.xcconfig */ = {isa = PBXFileReference; includeInIndex = 1; lastKnownFileType = text.xcconfig; name = "Pods-Book.debug.xcconfig"; path = "Pods/Target Support Files/Pods-Book/Pods-Book.debug.xcconfig"; sourceTree = "<group>"; };
/* End PBXFileReference section */

/* Begin PBXFrameworksBuildPhase section */
		6E0FA7D31C741E7F00533EE5 /* Frameworks */ = {
			isa = PBXFrameworksBuildPhase;
			buildActionMask = 2147483647;
			files = (
				51CA52375939B2D3E1A97DEC /* Pods_Book.framework in Frameworks */,
			);
			runOnlyForDeploymentPostprocessing = 0;
		};
		6E0FA7E71C741E7F00533EE5 /* Frameworks */ = {
			isa = PBXFrameworksBuildPhase;
			buildActionMask = 2147483647;
			files = (
			);
			runOnlyForDeploymentPostprocessing = 0;
		};
		6E0FA7F21C741E7F00533EE5 /* Frameworks */ = {
			isa = PBXFrameworksBuildPhase;
			buildActionMask = 2147483647;
			files = (
			);
			runOnlyForDeploymentPostprocessing = 0;
		};
/* End PBXFrameworksBuildPhase section */

/* Begin PBXGroup section */
		56D9B4867A1980FE32CCE32B /* Pods */ = {
			isa = PBXGroup;
			children = (
				F1D4B298A8CF1009B3027AA1 /* Pods-Book.debug.xcconfig */,
				3641E05D9D450B4BF352F7BA /* Pods-Book.release.xcconfig */,
			);
			name = Pods;
			sourceTree = "<group>";
		};
		6E0FA7CD1C741E7F00533EE5 = {
			isa = PBXGroup;
			children = (
				6E0FA7D81C741E7F00533EE5 /* Book */,
				6E0FA7ED1C741E7F00533EE5 /* BookTests */,
				6E0FA7F81C741E7F00533EE5 /* BookUITests */,
				6E0FA7D71C741E7F00533EE5 /* Products */,
				56D9B4867A1980FE32CCE32B /* Pods */,
				C11E33818D8D0C5EB02359B2 /* Frameworks */,
			);
			sourceTree = "<group>";
		};
		6E0FA7D71C741E7F00533EE5 /* Products */ = {
			isa = PBXGroup;
			children = (
				6E0FA7D61C741E7F00533EE5 /* Book.app */,
				6E0FA7EA1C741E7F00533EE5 /* BookTests.xctest */,
				6E0FA7F51C741E7F00533EE5 /* BookUITests.xctest */,
			);
			name = Products;
			sourceTree = "<group>";
		};
		6E0FA7D81C741E7F00533EE5 /* Book */ = {
			isa = PBXGroup;
			children = (
				6E0FA7DD1C741E7F00533EE5 /* Main.storyboard */,
				6EB4F3D71D22177400C71D9A /* Detail */,
				6ED33D751D211C9500FDF14E /* Index */,
				6ED33D701D211C9500FDF14E /* Expand */,
				6ED33D7A1D211C9500FDF14E /* Network */,
				6ED33D7C1D211C9500FDF14E /* Others */,
				6ED33D811D211C9500FDF14E /* Search */,
				6E0FA7E01C741E7F00533EE5 /* Assets.xcassets */,
			);
			path = Book;
			sourceTree = "<group>";
		};
		6E0FA7ED1C741E7F00533EE5 /* BookTests */ = {
			isa = PBXGroup;
			children = (
				6E0FA7EE1C741E7F00533EE5 /* BookTests.swift */,
				6E0FA7F01C741E7F00533EE5 /* Info.plist */,
			);
			path = BookTests;
			sourceTree = "<group>";
		};
		6E0FA7F81C741E7F00533EE5 /* BookUITests */ = {
			isa = PBXGroup;
			children = (
				6E0FA7F91C741E7F00533EE5 /* BookUITests.swift */,
				6E0FA7FB1C741E7F00533EE5 /* Info.plist */,
			);
			path = BookUITests;
			sourceTree = "<group>";
		};
		6E76BF8D1D23A40800DFAC3A /* PhoneBrowser */ = {
			isa = PBXGroup;
			children = (
				6E76BF8E1D23A43D00DFAC3A /* PhotoBrowser.swift */,
				6E76BF901D23A45D00DFAC3A /* PhotoBrowser.xib */,
				6E90273B1D2BB7C600BBA856 /* PhotoBrowserCell.swift */,
				6E90273C1D2BB7C600BBA856 /* PhotoBrowserCell.xib */,
			);
			path = PhoneBrowser;
			sourceTree = "<group>";
		};
		6EB4F3D71D22177400C71D9A /* Detail */ = {
			isa = PBXGroup;
			children = (
				6EB4F3DC1D2229B100C71D9A /* DetailViewController.swift */,
				6EB4F3D81D2217B600C71D9A /* DetailHeadView.swift */,
				6EB4F3DA1D2217EF00C71D9A /* DetailHeadView.xib */,
				6EB4F3E01D226DD400C71D9A /* ReviewCell.swift */,
				6EB4F3E21D226F3000C71D9A /* Review.swift */,
				6EB4F3E41D22716A00C71D9A /* Author.swift */,
			);
			path = Detail;
			sourceTree = "<group>";
		};
		6ED33D701D211C9500FDF14E /* Expand */ = {
			isa = PBXGroup;
			children = (
				6E76BF8D1D23A40800DFAC3A /* PhoneBrowser */,
				6EB4F3DE1D2253C800C71D9A /* Rating.swift */,
				6ED33D721D211C9500FDF14E /* RatingView.swift */,
				6ED33D711D211C9500FDF14E /* BookExtensions.swift */,
				6ED33D731D211C9500FDF14E /* UITableView+MJRefresh.h */,
				6ED33D741D211C9500FDF14E /* UITableView+MJRefresh.m */,
				6E76BF941D23AE2D00DFAC3A /* Constants.swift */,
			);
			path = Expand;
			sourceTree = "<group>";
		};
		6ED33D751D211C9500FDF14E /* Index */ = {
			isa = PBXGroup;
			children = (
				6ED33D781D211C9500FDF14E /* BookViewController.swift */,
				6ED33D761D211C9500FDF14E /* Book.swift */,
				6ED33D771D211C9500FDF14E /* BookCell.swift */,
			);
			path = Index;
			sourceTree = "<group>";
		};
		6ED33D7A1D211C9500FDF14E /* Network */ = {
			isa = PBXGroup;
			children = (
				6ED33D7B1D211C9500FDF14E /* NetManager.swift */,
			);
			path = Network;
			sourceTree = "<group>";
		};
		6ED33D7C1D211C9500FDF14E /* Others */ = {
			isa = PBXGroup;
			children = (
				6ED33D7D1D211C9500FDF14E /* AppDelegate.swift */,
				6ED33D7E1D211C9500FDF14E /* Book-Bridging-Header.h */,
				6ED33D7F1D211C9500FDF14E /* Info.plist */,
				6ED33D801D211C9500FDF14E /* LaunchScreen.storyboard */,
			);
			path = Others;
			sourceTree = "<group>";
		};
		6ED33D811D211C9500FDF14E /* Search */ = {
			isa = PBXGroup;
			children = (
				6ED33D821D211C9500FDF14E /* BookSearchController.swift */,
			);
			path = Search;
			sourceTree = "<group>";
		};
		C11E33818D8D0C5EB02359B2 /* Frameworks */ = {
			isa = PBXGroup;
			children = (
				5E91EABC4EEFB55CEB371E3F /* Pods_Book.framework */,
			);
			name = Frameworks;
			sourceTree = "<group>";
		};
/* End PBXGroup section */

/* Begin PBXNativeTarget section */
		6E0FA7D51C741E7F00533EE5 /* Book */ = {
			isa = PBXNativeTarget;
			buildConfigurationList = 6E0FA7FE1C741E7F00533EE5 /* Build configuration list for PBXNativeTarget "Book" */;
			buildPhases = (
				39F48BBAF1D77C01FEEEC87D /* Check Pods Manifest.lock */,
				6E0FA7D21C741E7F00533EE5 /* Sources */,
				6E0FA7D31C741E7F00533EE5 /* Frameworks */,
				6E0FA7D41C741E7F00533EE5 /* Resources */,
				BC4DC078B1CB0E5BC425CA86 /* Embed Pods Frameworks */,
				E74CD975DB2886DF864C25A4 /* Copy Pods Resources */,
			);
			buildRules = (
			);
			dependencies = (
			);
			name = Book;
			productName = Book;
			productReference = 6E0FA7D61C741E7F00533EE5 /* Book.app */;
			productType = "com.apple.product-type.application";
		};
		6E0FA7E91C741E7F00533EE5 /* BookTests */ = {
			isa = PBXNativeTarget;
			buildConfigurationList = 6E0FA8011C741E7F00533EE5 /* Build configuration list for PBXNativeTarget "BookTests" */;
			buildPhases = (
				6E0FA7E61C741E7F00533EE5 /* Sources */,
				6E0FA7E71C741E7F00533EE5 /* Frameworks */,
				6E0FA7E81C741E7F00533EE5 /* Resources */,
			);
			buildRules = (
			);
			dependencies = (
				6E0FA7EC1C741E7F00533EE5 /* PBXTargetDependency */,
			);
			name = BookTests;
			productName = BookTests;
			productReference = 6E0FA7EA1C741E7F00533EE5 /* BookTests.xctest */;
			productType = "com.apple.product-type.bundle.unit-test";
		};
		6E0FA7F41C741E7F00533EE5 /* BookUITests */ = {
			isa = PBXNativeTarget;
			buildConfigurationList = 6E0FA8041C741E7F00533EE5 /* Build configuration list for PBXNativeTarget "BookUITests" */;
			buildPhases = (
				6E0FA7F11C741E7F00533EE5 /* Sources */,
				6E0FA7F21C741E7F00533EE5 /* Frameworks */,
				6E0FA7F31C741E7F00533EE5 /* Resources */,
			);
			buildRules = (
			);
			dependencies = (
				6E0FA7F71C741E7F00533EE5 /* PBXTargetDependency */,
			);
			name = BookUITests;
			productName = BookUITests;
			productReference = 6E0FA7F51C741E7F00533EE5 /* BookUITests.xctest */;
			productType = "com.apple.product-type.bundle.ui-testing";
		};
/* End PBXNativeTarget section */

/* Begin PBXProject section */
		6E0FA7CE1C741E7F00533EE5 /* Project object */ = {
			isa = PBXProject;
			attributes = {
				LastSwiftUpdateCheck = 0720;
				LastUpgradeCheck = 0720;
				ORGANIZATIONNAME = guohui;
				TargetAttributes = {
					6E0FA7D51C741E7F00533EE5 = {
						CreatedOnToolsVersion = 7.2.1;
					};
					6E0FA7E91C741E7F00533EE5 = {
						CreatedOnToolsVersion = 7.2.1;
						TestTargetID = 6E0FA7D51C741E7F00533EE5;
					};
					6E0FA7F41C741E7F00533EE5 = {
						CreatedOnToolsVersion = 7.2.1;
						TestTargetID = 6E0FA7D51C741E7F00533EE5;
					};
				};
			};
			buildConfigurationList = 6E0FA7D11C741E7F00533EE5 /* Build configuration list for PBXProject "Book" */;
			compatibilityVersion = "Xcode 3.2";
			developmentRegion = English;
			hasScannedForEncodings = 0;
			knownRegions = (
				en,
				Base,
			);
			mainGroup = 6E0FA7CD1C741E7F00533EE5;
			productRefGroup = 6E0FA7D71C741E7F00533EE5 /* Products */;
			projectDirPath = "";
			projectRoot = "";
			targets = (
				6E0FA7D51C741E7F00533EE5 /* Book */,
				6E0FA7E91C741E7F00533EE5 /* BookTests */,
				6E0FA7F41C741E7F00533EE5 /* BookUITests */,
			);
		};
/* End PBXProject section */

/* Begin PBXResourcesBuildPhase section */
		6E0FA7D41C741E7F00533EE5 /* Resources */ = {
			isa = PBXResourcesBuildPhase;
			buildActionMask = 2147483647;
			files = (
				6ED33D8D1D211C9500FDF14E /* LaunchScreen.storyboard in Resources */,
				6E90273E1D2BB7C600BBA856 /* PhotoBrowserCell.xib in Resources */,
				6E0FA7E11C741E7F00533EE5 /* Assets.xcassets in Resources */,
				6E0FA7DF1C741E7F00533EE5 /* Main.storyboard in Resources */,
				6EB4F3DB1D2217EF00C71D9A /* DetailHeadView.xib in Resources */,
				6E76BF911D23A45D00DFAC3A /* PhotoBrowser.xib in Resources */,
			);
			runOnlyForDeploymentPostprocessing = 0;
		};
		6E0FA7E81C741E7F00533EE5 /* Resources */ = {
			isa = PBXResourcesBuildPhase;
			buildActionMask = 2147483647;
			files = (
			);
			runOnlyForDeploymentPostprocessing = 0;
		};
		6E0FA7F31C741E7F00533EE5 /* Resources */ = {
			isa = PBXResourcesBuildPhase;
			buildActionMask = 2147483647;
			files = (
			);
			runOnlyForDeploymentPostprocessing = 0;
		};
/* End PBXResourcesBuildPhase section */

/* Begin PBXShellScriptBuildPhase section */
		39F48BBAF1D77C01FEEEC87D /* Check Pods Manifest.lock */ = {
			isa = PBXShellScriptBuildPhase;
			buildActionMask = 2147483647;
			files = (
			);
			inputPaths = (
			);
			name = "Check Pods Manifest.lock";
			outputPaths = (
			);
			runOnlyForDeploymentPostprocessing = 0;
			shellPath = /bin/sh;
			shellScript = "diff \"${PODS_ROOT}/../Podfile.lock\" \"${PODS_ROOT}/Manifest.lock\" > /dev/null\nif [[ $? != 0 ]] ; then\n    cat << EOM\nerror: The sandbox is not in sync with the Podfile.lock. Run 'pod install' or update your CocoaPods installation.\nEOM\n    exit 1\nfi\n";
			showEnvVarsInLog = 0;
		};
		BC4DC078B1CB0E5BC425CA86 /* Embed Pods Frameworks */ = {
			isa = PBXShellScriptBuildPhase;
			buildActionMask = 2147483647;
			files = (
			);
			inputPaths = (
			);
			name = "Embed Pods Frameworks";
			outputPaths = (
			);
			runOnlyForDeploymentPostprocessing = 0;
			shellPath = /bin/sh;
			shellScript = "\"${SRCROOT}/Pods/Target Support Files/Pods-Book/Pods-Book-frameworks.sh\"\n";
			showEnvVarsInLog = 0;
		};
		E74CD975DB2886DF864C25A4 /* Copy Pods Resources */ = {
			isa = PBXShellScriptBuildPhase;
			buildActionMask = 2147483647;
			files = (
			);
			inputPaths = (
			);
			name = "Copy Pods Resources";
			outputPaths = (
			);
			runOnlyForDeploymentPostprocessing = 0;
			shellPath = /bin/sh;
			shellScript = "\"${SRCROOT}/Pods/Target Support Files/Pods-Book/Pods-Book-resources.sh\"\n";
			showEnvVarsInLog = 0;
		};
/* End PBXShellScriptBuildPhase section */

/* Begin PBXSourcesBuildPhase section */
		6E0FA7D21C741E7F00533EE5 /* Sources */ = {
			isa = PBXSourcesBuildPhase;
			buildActionMask = 2147483647;
			files = (
				6EB4F3DF1D2253C800C71D9A /* Rating.swift in Sources */,
				6E76BF951D23AE2D00DFAC3A /* Constants.swift in Sources */,
				6ED33D861D211C9500FDF14E /* Book.swift in Sources */,
				6E90273D1D2BB7C600BBA856 /* PhotoBrowserCell.swift in Sources */,
				6ED33D881D211C9500FDF14E /* BookViewController.swift in Sources */,
				6EB4F3DD1D2229B100C71D9A /* DetailViewController.swift in Sources */,
				6ED33D8E1D211C9500FDF14E /* BookSearchController.swift in Sources */,
				6ED33D841D211C9500FDF14E /* RatingView.swift in Sources */,
				6EB4F3D91D2217B600C71D9A /* DetailHeadView.swift in Sources */,
				6ED33D851D211C9500FDF14E /* UITableView+MJRefresh.m in Sources */,
				6ED33D8A1D211C9500FDF14E /* NetManager.swift in Sources */,
				6EB4F3E51D22716A00C71D9A /* Author.swift in Sources */,
				6EB4F3E31D226F3000C71D9A /* Review.swift in Sources */,
				6E76BF8F1D23A43D00DFAC3A /* PhotoBrowser.swift in Sources */,
				6ED33D8B1D211C9500FDF14E /* AppDelegate.swift in Sources */,
				6EB4F3E11D226DD400C71D9A /* ReviewCell.swift in Sources */,
				6ED33D831D211C9500FDF14E /* BookExtensions.swift in Sources */,
				6ED33D871D211C9500FDF14E /* BookCell.swift in Sources */,
			);
			runOnlyForDeploymentPostprocessing = 0;
		};
		6E0FA7E61C741E7F00533EE5 /* Sources */ = {
			isa = PBXSourcesBuildPhase;
			buildActionMask = 2147483647;
			files = (
				6E0FA7EF1C741E7F00533EE5 /* BookTests.swift in Sources */,
			);
			runOnlyForDeploymentPostprocessing = 0;
		};
		6E0FA7F11C741E7F00533EE5 /* Sources */ = {
			isa = PBXSourcesBuildPhase;
			buildActionMask = 2147483647;
			files = (
				6E0FA7FA1C741E7F00533EE5 /* BookUITests.swift in Sources */,
			);
			runOnlyForDeploymentPostprocessing = 0;
		};
/* End PBXSourcesBuildPhase section */

/* Begin PBXTargetDependency section */
		6E0FA7EC1C741E7F00533EE5 /* PBXTargetDependency */ = {
			isa = PBXTargetDependency;
			target = 6E0FA7D51C741E7F00533EE5 /* Book */;
			targetProxy = 6E0FA7EB1C741E7F00533EE5 /* PBXContainerItemProxy */;
		};
		6E0FA7F71C741E7F00533EE5 /* PBXTargetDependency */ = {
			isa = PBXTargetDependency;
			target = 6E0FA7D51C741E7F00533EE5 /* Book */;
			targetProxy = 6E0FA7F61C741E7F00533EE5 /* PBXContainerItemProxy */;
		};
/* End PBXTargetDependency section */

/* Begin PBXVariantGroup section */
		6E0FA7DD1C741E7F00533EE5 /* Main.storyboard */ = {
			isa = PBXVariantGroup;
			children = (
				6E0FA7DE1C741E7F00533EE5 /* Base */,
			);
			name = Main.storyboard;
			sourceTree = "<group>";
		};
/* End PBXVariantGroup section */

/* Begin XCBuildConfiguration section */
		6E0FA7FC1C741E7F00533EE5 /* Debug */ = {
			isa = XCBuildConfiguration;
			buildSettings = {
				ALWAYS_SEARCH_USER_PATHS = NO;
				CLANG_CXX_LANGUAGE_STANDARD = "gnu++0x";
				CLANG_CXX_LIBRARY = "libc++";
				CLANG_ENABLE_MODULES = YES;
				CLANG_ENABLE_OBJC_ARC = YES;
				CLANG_WARN_BOOL_CONVERSION = YES;
				CLANG_WARN_CONSTANT_CONVERSION = YES;
				CLANG_WARN_DIRECT_OBJC_ISA_USAGE = YES_ERROR;
				CLANG_WARN_EMPTY_BODY = YES;
				CLANG_WARN_ENUM_CONVERSION = YES;
				CLANG_WARN_INT_CONVERSION = YES;
				CLANG_WARN_OBJC_ROOT_CLASS = YES_ERROR;
				CLANG_WARN_UNREACHABLE_CODE = YES;
				CLANG_WARN__DUPLICATE_METHOD_MATCH = YES;
				"CODE_SIGN_IDENTITY[sdk=iphoneos*]" = "iPhone Developer";
				COPY_PHASE_STRIP = NO;
				DEBUG_INFORMATION_FORMAT = dwarf;
				ENABLE_STRICT_OBJC_MSGSEND = YES;
				ENABLE_TESTABILITY = YES;
				GCC_C_LANGUAGE_STANDARD = gnu99;
				GCC_DYNAMIC_NO_PIC = NO;
				GCC_NO_COMMON_BLOCKS = YES;
				GCC_OPTIMIZATION_LEVEL = 0;
				GCC_PREPROCESSOR_DEFINITIONS = (
					"DEBUG=1",
					"$(inherited)",
				);
				GCC_WARN_64_TO_32_BIT_CONVERSION = YES;
				GCC_WARN_ABOUT_RETURN_TYPE = YES_ERROR;
				GCC_WARN_UNDECLARED_SELECTOR = YES;
				GCC_WARN_UNINITIALIZED_AUTOS = YES_AGGRESSIVE;
				GCC_WARN_UNUSED_FUNCTION = YES;
				GCC_WARN_UNUSED_VARIABLE = YES;
				IPHONEOS_DEPLOYMENT_TARGET = 9.2;
				MTL_ENABLE_DEBUG_INFO = YES;
				ONLY_ACTIVE_ARCH = YES;
				SDKROOT = iphoneos;
				SWIFT_OPTIMIZATION_LEVEL = "-Onone";
			};
			name = Debug;
		};
		6E0FA7FD1C741E7F00533EE5 /* Release */ = {
			isa = XCBuildConfiguration;
			buildSettings = {
				ALWAYS_SEARCH_USER_PATHS = NO;
				CLANG_CXX_LANGUAGE_STANDARD = "gnu++0x";
				CLANG_CXX_LIBRARY = "libc++";
				CLANG_ENABLE_MODULES = YES;
				CLANG_ENABLE_OBJC_ARC = YES;
				CLANG_WARN_BOOL_CONVERSION = YES;
				CLANG_WARN_CONSTANT_CONVERSION = YES;
				CLANG_WARN_DIRECT_OBJC_ISA_USAGE = YES_ERROR;
				CLANG_WARN_EMPTY_BODY = YES;
				CLANG_WARN_ENUM_CONVERSION = YES;
				CLANG_WARN_INT_CONVERSION = YES;
				CLANG_WARN_OBJC_ROOT_CLASS = YES_ERROR;
				CLANG_WARN_UNREACHABLE_CODE = YES;
				CLANG_WARN__DUPLICATE_METHOD_MATCH = YES;
				"CODE_SIGN_IDENTITY[sdk=iphoneos*]" = "iPhone Developer";
				COPY_PHASE_STRIP = NO;
				DEBUG_INFORMATION_FORMAT = "dwarf-with-dsym";
				ENABLE_NS_ASSERTIONS = NO;
				ENABLE_STRICT_OBJC_MSGSEND = YES;
				GCC_C_LANGUAGE_STANDARD = gnu99;
				GCC_NO_COMMON_BLOCKS = YES;
				GCC_WARN_64_TO_32_BIT_CONVERSION = YES;
				GCC_WARN_ABOUT_RETURN_TYPE = YES_ERROR;
				GCC_WARN_UNDECLARED_SELECTOR = YES;
				GCC_WARN_UNINITIALIZED_AUTOS = YES_AGGRESSIVE;
				GCC_WARN_UNUSED_FUNCTION = YES;
				GCC_WARN_UNUSED_VARIABLE = YES;
				IPHONEOS_DEPLOYMENT_TARGET = 9.2;
				MTL_ENABLE_DEBUG_INFO = NO;
				SDKROOT = iphoneos;
				VALIDATE_PRODUCT = YES;
			};
			name = Release;
		};
		6E0FA7FF1C741E7F00533EE5 /* Debug */ = {
			isa = XCBuildConfiguration;
			baseConfigurationReference = F1D4B298A8CF1009B3027AA1 /* Pods-Book.debug.xcconfig */;
			buildSettings = {
				ASSETCATALOG_COMPILER_APPICON_NAME = AppIcon;
				CLANG_ENABLE_MODULES = YES;
				INFOPLIST_FILE = Book/Others/Info.plist;
				LD_RUNPATH_SEARCH_PATHS = "$(inherited) @executable_path/Frameworks";
				PRODUCT_BUNDLE_IDENTIFIER = com.gh.Book;
				PRODUCT_NAME = "$(TARGET_NAME)";
				SWIFT_OBJC_BRIDGING_HEADER = "Book/Others/Book-Bridging-Header.h";
				SWIFT_OPTIMIZATION_LEVEL = "-Onone";
			};
			name = Debug;
		};
		6E0FA8001C741E7F00533EE5 /* Release */ = {
			isa = XCBuildConfiguration;
			baseConfigurationReference = 3641E05D9D450B4BF352F7BA /* Pods-Book.release.xcconfig */;
			buildSettings = {
				ASSETCATALOG_COMPILER_APPICON_NAME = AppIcon;
				CLANG_ENABLE_MODULES = YES;
				INFOPLIST_FILE = Book/Others/Info.plist;
				LD_RUNPATH_SEARCH_PATHS = "$(inherited) @executable_path/Frameworks";
				PRODUCT_BUNDLE_IDENTIFIER = com.gh.Book;
				PRODUCT_NAME = "$(TARGET_NAME)";
				SWIFT_OBJC_BRIDGING_HEADER = "Book/Others/Book-Bridging-Header.h";
			};
			name = Release;
		};
		6E0FA8021C741E7F00533EE5 /* Debug */ = {
			isa = XCBuildConfiguration;
			buildSettings = {
				BUNDLE_LOADER = "$(TEST_HOST)";
				INFOPLIST_FILE = BookTests/Info.plist;
				LD_RUNPATH_SEARCH_PATHS = "$(inherited) @executable_path/Frameworks @loader_path/Frameworks";
				PRODUCT_BUNDLE_IDENTIFIER = com.gh.BookTests;
				PRODUCT_NAME = "$(TARGET_NAME)";
				TEST_HOST = "$(BUILT_PRODUCTS_DIR)/Book.app/Book";
			};
			name = Debug;
		};
		6E0FA8031C741E7F00533EE5 /* Release */ = {
			isa = XCBuildConfiguration;
			buildSettings = {
				BUNDLE_LOADER = "$(TEST_HOST)";
				INFOPLIST_FILE = BookTests/Info.plist;
				LD_RUNPATH_SEARCH_PATHS = "$(inherited) @executable_path/Frameworks @loader_path/Frameworks";
				PRODUCT_BUNDLE_IDENTIFIER = com.gh.BookTests;
				PRODUCT_NAME = "$(TARGET_NAME)";
				TEST_HOST = "$(BUILT_PRODUCTS_DIR)/Book.app/Book";
			};
			name = Release;
		};
		6E0FA8051C741E7F00533EE5 /* Debug */ = {
			isa = XCBuildConfiguration;
			buildSettings = {
				INFOPLIST_FILE = BookUITests/Info.plist;
				LD_RUNPATH_SEARCH_PATHS = "$(inherited) @executable_path/Frameworks @loader_path/Frameworks";
				PRODUCT_BUNDLE_IDENTIFIER = com.gh.BookUITests;
				PRODUCT_NAME = "$(TARGET_NAME)";
				TEST_TARGET_NAME = Book;
				USES_XCTRUNNER = YES;
			};
			name = Debug;
		};
		6E0FA8061C741E7F00533EE5 /* Release */ = {
			isa = XCBuildConfiguration;
			buildSettings = {
				INFOPLIST_FILE = BookUITests/Info.plist;
				LD_RUNPATH_SEARCH_PATHS = "$(inherited) @executable_path/Frameworks @loader_path/Frameworks";
				PRODUCT_BUNDLE_IDENTIFIER = com.gh.BookUITests;
				PRODUCT_NAME = "$(TARGET_NAME)";
				TEST_TARGET_NAME = Book;
				USES_XCTRUNNER = YES;
			};
			name = Release;
		};
/* End XCBuildConfiguration section */

/* Begin XCConfigurationList section */
		6E0FA7D11C741E7F00533EE5 /* Build configuration list for PBXProject "Book" */ = {
			isa = XCConfigurationList;
			buildConfigurations = (
				6E0FA7FC1C741E7F00533EE5 /* Debug */,
				6E0FA7FD1C741E7F00533EE5 /* Release */,
			);
			defaultConfigurationIsVisible = 0;
			defaultConfigurationName = Release;
		};
		6E0FA7FE1C741E7F00533EE5 /* Build configuration list for PBXNativeTarget "Book" */ = {
			isa = XCConfigurationList;
			buildConfigurations = (
				6E0FA7FF1C741E7F00533EE5 /* Debug */,
				6E0FA8001C741E7F00533EE5 /* Release */,
			);
			defaultConfigurationIsVisible = 0;
			defaultConfigurationName = Release;
		};
		6E0FA8011C741E7F00533EE5 /* Build configuration list for PBXNativeTarget "BookTests" */ = {
			isa = XCConfigurationList;
			buildConfigurations = (
				6E0FA8021C741E7F00533EE5 /* Debug */,
				6E0FA8031C741E7F00533EE5 /* Release */,
			);
			defaultConfigurationIsVisible = 0;
			defaultConfigurationName = Release;
		};
		6E0FA8041C741E7F00533EE5 /* Build configuration list for PBXNativeTarget "BookUITests" */ = {
			isa = XCConfigurationList;
			buildConfigurations = (
				6E0FA8051C741E7F00533EE5 /* Debug */,
				6E0FA8061C741E7F00533EE5 /* Release */,
			);
			defaultConfigurationIsVisible = 0;
			defaultConfigurationName = Release;
		};
/* End XCConfigurationList section */
	};
	rootObject = 6E0FA7CE1C741E7F00533EE5 /* Project object */;
}
